// !$*UTF8*$!
{
	archiveVersion = 1;
	classes = {
	};
	objectVersion = 56;
	objects = {

/* Begin PBXBuildFile section */
		ED18E9452C78D61800724146 /* HowToCookApp.swift in Sources */ = {isa = PBXBuildFile; fileRef = ED18E9442C78D61800724146 /* HowToCookApp.swift */; };
		ED18E9472C78D61800724146 /* ContentView.swift in Sources */ = {isa = PBXBuildFile; fileRef = ED18E9462C78D61800724146 /* ContentView.swift */; };
		ED18E9492C78D61900724146 /* Assets.xcassets in Resources */ = {isa = PBXBuildFile; fileRef = ED18E9482C78D61900724146 /* Assets.xcassets */; };
		ED18E94C2C78D61900724146 /* Preview Assets.xcassets in Resources */ = {isa = PBXBuildFile; fileRef = ED18E94B2C78D61900724146 /* Preview Assets.xcassets */; };
		ED18E9562C78D61900724146 /* HowToCookTests.swift in Sources */ = {isa = PBXBuildFile; fileRef = ED18E9552C78D61900724146 /* HowToCookTests.swift */; };
		ED18E9602C78D61900724146 /* HowToCookUITests.swift in Sources */ = {isa = PBXBuildFile; fileRef = ED18E95F2C78D61900724146 /* HowToCookUITests.swift */; };
		ED18E9622C78D61900724146 /* HowToCookUITestsLaunchTests.swift in Sources */ = {isa = PBXBuildFile; fileRef = ED18E9612C78D61900724146 /* HowToCookUITestsLaunchTests.swift */; };
/* End PBXBuildFile section */

/* Begin PBXContainerItemProxy section */
		ED18E9522C78D61900724146 /* PBXContainerItemProxy */ = {
			isa = PBXContainerItemProxy;
			containerPortal = ED18E9392C78D61800724146 /* Project object */;
			proxyType = 1;
			remoteGlobalIDString = ED18E9402C78D61800724146;
			remoteInfo = HowToCook;
		};
		ED18E95C2C78D61900724146 /* PBXContainerItemProxy */ = {
			isa = PBXContainerItemProxy;
			containerPortal = ED18E9392C78D61800724146 /* Project object */;
			proxyType = 1;
			remoteGlobalIDString = ED18E9402C78D61800724146;
			remoteInfo = HowToCook;
		};
/* End PBXContainerItemProxy section */

/* Begin PBXFileReference section */
		ED18E9412C78D61800724146 /* HowToCook.app */ = {isa = PBXFileReference; explicitFileType = wrapper.application; includeInIndex = 0; path = HowToCook.app; sourceTree = BUILT_PRODUCTS_DIR; };
		ED18E9442C78D61800724146 /* HowToCookApp.swift */ = {isa = PBXFileReference; lastKnownFileType = sourcecode.swift; path = HowToCookApp.swift; sourceTree = "<group>"; };
		ED18E9462C78D61800724146 /* ContentView.swift */ = {isa = PBXFileReference; lastKnownFileType = sourcecode.swift; path = ContentView.swift; sourceTree = "<group>"; };
		ED18E9482C78D61900724146 /* Assets.xcassets */ = {isa = PBXFileReference; lastKnownFileType = folder.assetcatalog; path = Assets.xcassets; sourceTree = "<group>"; };
		ED18E94B2C78D61900724146 /* Preview Assets.xcassets */ = {isa = PBXFileReference; lastKnownFileType = folder.assetcatalog; path = "Preview Assets.xcassets"; sourceTree = "<group>"; };
		ED18E9512C78D61900724146 /* HowToCookTests.xctest */ = {isa = PBXFileReference; explicitFileType = wrapper.cfbundle; includeInIndex = 0; path = HowToCookTests.xctest; sourceTree = BUILT_PRODUCTS_DIR; };
		ED18E9552C78D61900724146 /* HowToCookTests.swift */ = {isa = PBXFileReference; lastKnownFileType = sourcecode.swift; path = HowToCookTests.swift; sourceTree = "<group>"; };
		ED18E95B2C78D61900724146 /* HowToCookUITests.xctest */ = {isa = PBXFileReference; explicitFileType = wrapper.cfbundle; includeInIndex = 0; path = HowToCookUITests.xctest; sourceTree = BUILT_PRODUCTS_DIR; };
		ED18E95F2C78D61900724146 /* HowToCookUITests.swift */ = {isa = PBXFileReference; lastKnownFileType = sourcecode.swift; path = HowToCookUITests.swift; sourceTree = "<group>"; };
		ED18E9612C78D61900724146 /* HowToCookUITestsLaunchTests.swift */ = {isa = PBXFileReference; lastKnownFileType = sourcecode.swift; path = HowToCookUITestsLaunchTests.swift; sourceTree = "<group>"; };
/* End PBXFileReference section */

/* Begin PBXFrameworksBuildPhase section */
		ED18E93E2C78D61800724146 /* Frameworks */ = {
			isa = PBXFrameworksBuildPhase;
			buildActionMask = 2147483647;
			files = (
			);
			runOnlyForDeploymentPostprocessing = 0;
		};
		ED18E94E2C78D61900724146 /* Frameworks */ = {
			isa = PBXFrameworksBuildPhase;
			buildActionMask = 2147483647;
			files = (
			);
			runOnlyForDeploymentPostprocessing = 0;
		};
		ED18E9582C78D61900724146 /* Frameworks */ = {
			isa = PBXFrameworksBuildPhase;
			buildActionMask = 2147483647;
			files = (
			);
			runOnlyForDeploymentPostprocessing = 0;
		};
/* End PBXFrameworksBuildPhase section */

/* Begin PBXGroup section */
		ED18E9382C78D61800724146 = {
			isa = PBXGroup;
			children = (
				ED18E9432C78D61800724146 /* HowToCook */,
				ED18E9542C78D61900724146 /* HowToCookTests */,
				ED18E95E2C78D61900724146 /* HowToCookUITests */,
				ED18E9422C78D61800724146 /* Products */,
			);
			sourceTree = "<group>";
		};
		ED18E9422C78D61800724146 /* Products */ = {
			isa = PBXGroup;
			children = (
				ED18E9412C78D61800724146 /* HowToCook.app */,
				ED18E9512C78D61900724146 /* HowToCookTests.xctest */,
				ED18E95B2C78D61900724146 /* HowToCookUITests.xctest */,
			);
			name = Products;
			sourceTree = "<group>";
		};
		ED18E9432C78D61800724146 /* HowToCook */ = {
			isa = PBXGroup;
			children = (
				ED18E9442C78D61800724146 /* HowToCookApp.swift */,
				ED18E9462C78D61800724146 /* ContentView.swift */,
				ED18E9482C78D61900724146 /* Assets.xcassets */,
				ED18E94A2C78D61900724146 /* Preview Content */,
			);
			path = HowToCook;
			sourceTree = "<group>";
		};
		ED18E94A2C78D61900724146 /* Preview Content */ = {
			isa = PBXGroup;
			children = (
				ED18E94B2C78D61900724146 /* Preview Assets.xcassets */,
			);
			path = "Preview Content";
			sourceTree = "<group>";
		};
		ED18E9542C78D61900724146 /* HowToCookTests */ = {
			isa = PBXGroup;
			children = (
				ED18E9552C78D61900724146 /* HowToCookTests.swift */,
			);
			path = HowToCookTests;
			sourceTree = "<group>";
		};
		ED18E95E2C78D61900724146 /* HowToCookUITests */ = {
			isa = PBXGroup;
			children = (
				ED18E95F2C78D61900724146 /* HowToCookUITests.swift */,
				ED18E9612C78D61900724146 /* HowToCookUITestsLaunchTests.swift */,
			);
			path = HowToCookUITests;
			sourceTree = "<group>";
		};
/* End PBXGroup section */

/* Begin PBXNativeTarget section */
		ED18E9402C78D61800724146 /* HowToCook */ = {
			isa = PBXNativeTarget;
			buildConfigurationList = ED18E9652C78D61900724146 /* Build configuration list for PBXNativeTarget "HowToCook" */;
			buildPhases = (
				ED18E93D2C78D61800724146 /* Sources */,
				ED18E93E2C78D61800724146 /* Frameworks */,
				ED18E93F2C78D61800724146 /* Resources */,
			);
			buildRules = (
			);
			dependencies = (
			);
			name = HowToCook;
			productName = HowToCook;
			productReference = ED18E9412C78D61800724146 /* HowToCook.app */;
			productType = "com.apple.product-type.application";
		};
		ED18E9502C78D61900724146 /* HowToCookTests */ = {
			isa = PBXNativeTarget;
			buildConfigurationList = ED18E9682C78D61900724146 /* Build configuration list for PBXNativeTarget "HowToCookTests" */;
			buildPhases = (
				ED18E94D2C78D61900724146 /* Sources */,
				ED18E94E2C78D61900724146 /* Frameworks */,
				ED18E94F2C78D61900724146 /* Resources */,
			);
			buildRules = (
			);
			dependencies = (
				ED18E9532C78D61900724146 /* PBXTargetDependency */,
			);
			name = HowToCookTests;
			productName = HowToCookTests;
			productReference = ED18E9512C78D61900724146 /* HowToCookTests.xctest */;
			productType = "com.apple.product-type.bundle.unit-test";
		};
		ED18E95A2C78D61900724146 /* HowToCookUITests */ = {
			isa = PBXNativeTarget;
			buildConfigurationList = ED18E96B2C78D61900724146 /* Build configuration list for PBXNativeTarget "HowToCookUITests" */;
			buildPhases = (
				ED18E9572C78D61900724146 /* Sources */,
				ED18E9582C78D61900724146 /* Frameworks */,
				ED18E9592C78D61900724146 /* Resources */,
			);
			buildRules = (
			);
			dependencies = (
				ED18E95D2C78D61900724146 /* PBXTargetDependency */,
			);
			name = HowToCookUITests;
			productName = HowToCookUITests;
			productReference = ED18E95B2C78D61900724146 /* HowToCookUITests.xctest */;
			productType = "com.apple.product-type.bundle.ui-testing";
		};
/* End PBXNativeTarget section */

/* Begin PBXProject section */
		ED18E9392C78D61800724146 /* Project object */ = {
			isa = PBXProject;
			attributes = {
				BuildIndependentTargetsInParallel = 1;
				LastSwiftUpdateCheck = 1540;
				LastUpgradeCheck = 1540;
				TargetAttributes = {
					ED18E9402C78D61800724146 = {
						CreatedOnToolsVersion = 15.4;
					};
					ED18E9502C78D61900724146 = {
						CreatedOnToolsVersion = 15.4;
						TestTargetID = ED18E9402C78D61800724146;
					};
					ED18E95A2C78D61900724146 = {
						CreatedOnToolsVersion = 15.4;
						TestTargetID = ED18E9402C78D61800724146;
					};
				};
			};
			buildConfigurationList = ED18E93C2C78D61800724146 /* Build configuration list for PBXProject "HowToCook" */;
			compatibilityVersion = "Xcode 14.0";
			developmentRegion = en;
			hasScannedForEncodings = 0;
			knownRegions = (
				en,
				Base,
			);
			mainGroup = ED18E9382C78D61800724146;
			productRefGroup = ED18E9422C78D61800724146 /* Products */;
			projectDirPath = "";
			projectRoot = "";
			targets = (
				ED18E9402C78D61800724146 /* HowToCook */,
				ED18E9502C78D61900724146 /* HowToCookTests */,
				ED18E95A2C78D61900724146 /* HowToCookUITests */,
			);
		};
/* End PBXProject section */

/* Begin PBXResourcesBuildPhase section */
		ED18E93F2C78D61800724146 /* Resources */ = {
			isa = PBXResourcesBuildPhase;
			buildActionMask = 2147483647;
			files = (
				ED18E94C2C78D61900724146 /* Preview Assets.xcassets in Resources */,
				ED18E9492C78D61900724146 /* Assets.xcassets in Resources */,
			);
			runOnlyForDeploymentPostprocessing = 0;
		};
		ED18E94F2C78D61900724146 /* Resources */ = {
			isa = PBXResourcesBuildPhase;
			buildActionMask = 2147483647;
			files = (
			);
			runOnlyForDeploymentPostprocessing = 0;
		};
		ED18E9592C78D61900724146 /* Resources */ = {
			isa = PBXResourcesBuildPhase;
			buildActionMask = 2147483647;
			files = (
			);
			runOnlyForDeploymentPostprocessing = 0;
		};
/* End PBXResourcesBuildPhase section */

/* Begin PBXSourcesBuildPhase section */
		ED18E93D2C78D61800724146 /* Sources */ = {
			isa = PBXSourcesBuildPhase;
			buildActionMask = 2147483647;
			files = (
				ED18E9472C78D61800724146 /* ContentView.swift in Sources */,
				ED18E9452C78D61800724146 /* HowToCookApp.swift in Sources */,
			);
			runOnlyForDeploymentPostprocessing = 0;
		};
		ED18E94D2C78D61900724146 /* Sources */ = {
			isa = PBXSourcesBuildPhase;
			buildActionMask = 2147483647;
			files = (
				ED18E9562C78D61900724146 /* HowToCookTests.swift in Sources */,
			);
			runOnlyForDeploymentPostprocessing = 0;
		};
		ED18E9572C78D61900724146 /* Sources */ = {
			isa = PBXSourcesBuildPhase;
			buildActionMask = 2147483647;
			files = (
				ED18E9622C78D61900724146 /* HowToCookUITestsLaunchTests.swift in Sources */,
				ED18E9602C78D61900724146 /* HowToCookUITests.swift in Sources */,
			);
			runOnlyForDeploymentPostprocessing = 0;
		};
/* End PBXSourcesBuildPhase section */

/* Begin PBXTargetDependency section */
		ED18E9532C78D61900724146 /* PBXTargetDependency */ = {
			isa = PBXTargetDependency;
			target = ED18E9402C78D61800724146 /* HowToCook */;
			targetProxy = ED18E9522C78D61900724146 /* PBXContainerItemProxy */;
		};
		ED18E95D2C78D61900724146 /* PBXTargetDependency */ = {
			isa = PBXTargetDependency;
			target = ED18E9402C78D61800724146 /* HowToCook */;
			targetProxy = ED18E95C2C78D61900724146 /* PBXContainerItemProxy */;
		};
/* End PBXTargetDependency section */

/* Begin XCBuildConfiguration section */
		ED18E9632C78D61900724146 /* Debug */ = {
			isa = XCBuildConfiguration;
			buildSettings = {
				ALWAYS_SEARCH_USER_PATHS = NO;
				ASSETCATALOG_COMPILER_GENERATE_SWIFT_ASSET_SYMBOL_EXTENSIONS = YES;
				CLANG_ANALYZER_NONNULL = YES;
				CLANG_ANALYZER_NUMBER_OBJECT_CONVERSION = YES_AGGRESSIVE;
				CLANG_CXX_LANGUAGE_STANDARD = "gnu++20";
				CLANG_ENABLE_MODULES = YES;
				CLANG_ENABLE_OBJC_ARC = YES;
				CLANG_ENABLE_OBJC_WEAK = YES;
				CLANG_WARN_BLOCK_CAPTURE_AUTORELEASING = YES;
				CLANG_WARN_BOOL_CONVERSION = YES;
				CLANG_WARN_COMMA = YES;
				CLANG_WARN_CONSTANT_CONVERSION = YES;
				CLANG_WARN_DEPRECATED_OBJC_IMPLEMENTATIONS = YES;
				CLANG_WARN_DIRECT_OBJC_ISA_USAGE = YES_ERROR;
				CLANG_WARN_DOCUMENTATION_COMMENTS = YES;
				CLANG_WARN_EMPTY_BODY = YES;
				CLANG_WARN_ENUM_CONVERSION = YES;
				CLANG_WARN_INFINITE_RECURSION = YES;
				CLANG_WARN_INT_CONVERSION = YES;
				CLANG_WARN_NON_LITERAL_NULL_CONVERSION = YES;
				CLANG_WARN_OBJC_IMPLICIT_RETAIN_SELF = YES;
				CLANG_WARN_OBJC_LITERAL_CONVERSION = YES;
				CLANG_WARN_OBJC_ROOT_CLASS = YES_ERROR;
				CLANG_WARN_QUOTED_INCLUDE_IN_FRAMEWORK_HEADER = YES;
				CLANG_WARN_RANGE_LOOP_ANALYSIS = YES;
				CLANG_WARN_STRICT_PROTOTYPES = YES;
				CLANG_WARN_SUSPICIOUS_MOVE = YES;
				CLANG_WARN_UNGUARDED_AVAILABILITY = YES_AGGRESSIVE;
				CLANG_WARN_UNREACHABLE_CODE = YES;
				CLANG_WARN__DUPLICATE_METHOD_MATCH = YES;
				COPY_PHASE_STRIP = NO;
				DEBUG_INFORMATION_FORMAT = dwarf;
				ENABLE_STRICT_OBJC_MSGSEND = YES;
				ENABLE_TESTABILITY = YES;
				ENABLE_USER_SCRIPT_SANDBOXING = YES;
				GCC_C_LANGUAGE_STANDARD = gnu17;
				GCC_DYNAMIC_NO_PIC = NO;
				GCC_NO_COMMON_BLOCKS = YES;
				GCC_OPTIMIZATION_LEVEL = 0;
				GCC_PREPROCESSOR_DEFINITIONS = (
					"DEBUG=1",
					"$(inherited)",
				);
				GCC_WARN_64_TO_32_BIT_CONVERSION = YES;
				GCC_WARN_ABOUT_RETURN_TYPE = YES_ERROR;
				GCC_WARN_UNDECLARED_SELECTOR = YES;
				GCC_WARN_UNINITIALIZED_AUTOS = YES_AGGRESSIVE;
				GCC_WARN_UNUSED_FUNCTION = YES;
				GCC_WARN_UNUSED_VARIABLE = YES;
				IPHONEOS_DEPLOYMENT_TARGET = 17.5;
				LOCALIZATION_PREFERS_STRING_CATALOGS = YES;
				MTL_ENABLE_DEBUG_INFO = INCLUDE_SOURCE;
				MTL_FAST_MATH = YES;
				ONLY_ACTIVE_ARCH = YES;
				SDKROOT = iphoneos;
				SWIFT_ACTIVE_COMPILATION_CONDITIONS = "DEBUG $(inherited)";
				SWIFT_OPTIMIZATION_LEVEL = "-Onone";
			};
			name = Debug;
		};
		ED18E9642C78D61900724146 /* Release */ = {
			isa = XCBuildConfiguration;
			buildSettings = {
				ALWAYS_SEARCH_USER_PATHS = NO;
				ASSETCATALOG_COMPILER_GENERATE_SWIFT_ASSET_SYMBOL_EXTENSIONS = YES;
				CLANG_ANALYZER_NONNULL = YES;
				CLANG_ANALYZER_NUMBER_OBJECT_CONVERSION = YES_AGGRESSIVE;
				CLANG_CXX_LANGUAGE_STANDARD = "gnu++20";
				CLANG_ENABLE_MODULES = YES;
				CLANG_ENABLE_OBJC_ARC = YES;
				CLANG_ENABLE_OBJC_WEAK = YES;
				CLANG_WARN_BLOCK_CAPTURE_AUTORELEASING = YES;
				CLANG_WARN_BOOL_CONVERSION = YES;
				CLANG_WARN_COMMA = YES;
				CLANG_WARN_CONSTANT_CONVERSION = YES;
				CLANG_WARN_DEPRECATED_OBJC_IMPLEMENTATIONS = YES;
				CLANG_WARN_DIRECT_OBJC_ISA_USAGE = YES_ERROR;
				CLANG_WARN_DOCUMENTATION_COMMENTS = YES;
				CLANG_WARN_EMPTY_BODY = YES;
				CLANG_WARN_ENUM_CONVERSION = YES;
				CLANG_WARN_INFINITE_RECURSION = YES;
				CLANG_WARN_INT_CONVERSION = YES;
				CLANG_WARN_NON_LITERAL_NULL_CONVERSION = YES;
				CLANG_WARN_OBJC_IMPLICIT_RETAIN_SELF = YES;
				CLANG_WARN_OBJC_LITERAL_CONVERSION = YES;
				CLANG_WARN_OBJC_ROOT_CLASS = YES_ERROR;
				CLANG_WARN_QUOTED_INCLUDE_IN_FRAMEWORK_HEADER = YES;
				CLANG_WARN_RANGE_LOOP_ANALYSIS = YES;
				CLANG_WARN_STRICT_PROTOTYPES = YES;
				CLANG_WARN_SUSPICIOUS_MOVE = YES;
				CLANG_WARN_UNGUARDED_AVAILABILITY = YES_AGGRESSIVE;
				CLANG_WARN_UNREACHABLE_CODE = YES;
				CLANG_WARN__DUPLICATE_METHOD_MATCH = YES;
				COPY_PHASE_STRIP = NO;
				DEBUG_INFORMATION_FORMAT = "dwarf-with-dsym";
				ENABLE_NS_ASSERTIONS = NO;
				ENABLE_STRICT_OBJC_MSGSEND = YES;
				ENABLE_USER_SCRIPT_SANDBOXING = YES;
				GCC_C_LANGUAGE_STANDARD = gnu17;
				GCC_NO_COMMON_BLOCKS = YES;
				GCC_WARN_64_TO_32_BIT_CONVERSION = YES;
				GCC_WARN_ABOUT_RETURN_TYPE = YES_ERROR;
				GCC_WARN_UNDECLARED_SELECTOR = YES;
				GCC_WARN_UNINITIALIZED_AUTOS = YES_AGGRESSIVE;
				GCC_WARN_UNUSED_FUNCTION = YES;
				GCC_WARN_UNUSED_VARIABLE = YES;
				IPHONEOS_DEPLOYMENT_TARGET = 17.5;
				LOCALIZATION_PREFERS_STRING_CATALOGS = YES;
				MTL_ENABLE_DEBUG_INFO = NO;
				MTL_FAST_MATH = YES;
				SDKROOT = iphoneos;
				SWIFT_COMPILATION_MODE = wholemodule;
				VALIDATE_PRODUCT = YES;
			};
			name = Release;
		};
		ED18E9662C78D61900724146 /* Debug */ = {
			isa = XCBuildConfiguration;
			buildSettings = {
				ASSETCATALOG_COMPILER_APPICON_NAME = AppIcon;
				ASSETCATALOG_COMPILER_GLOBAL_ACCENT_COLOR_NAME = AccentColor;
				CODE_SIGN_STYLE = Automatic;
				CURRENT_PROJECT_VERSION = 1;
				DEVELOPMENT_ASSET_PATHS = "\"HowToCook/Preview Content\"";
				DEVELOPMENT_TEAM = 3LZQ8YW66Z;
				ENABLE_PREVIEWS = YES;
				GENERATE_INFOPLIST_FILE = YES;
				INFOPLIST_KEY_UIApplicationSceneManifest_Generation = YES;
				INFOPLIST_KEY_UIApplicationSupportsIndirectInputEvents = YES;
				INFOPLIST_KEY_UILaunchScreen_Generation = YES;
				INFOPLIST_KEY_UISupportedInterfaceOrientations_iPad = "UIInterfaceOrientationPortrait UIInterfaceOrientationPortraitUpsideDown UIInterfaceOrientationLandscapeLeft UIInterfaceOrientationLandscapeRight";
				INFOPLIST_KEY_UISupportedInterfaceOrientations_iPhone = "UIInterfaceOrientationPortrait UIInterfaceOrientationLandscapeLeft UIInterfaceOrientationLandscapeRight";
				LD_RUNPATH_SEARCH_PATHS = (
					"$(inherited)",
					"@executable_path/Frameworks",
				);
				MARKETING_VERSION = 1.0;
				PRODUCT_BUNDLE_IDENTIFIER = unbreathe.HowToCook;
				PRODUCT_NAME = "$(TARGET_NAME)";
				SWIFT_EMIT_LOC_STRINGS = YES;
				SWIFT_VERSION = 5.0;
				TARGETED_DEVICE_FAMILY = "1,2";
			};
			name = Debug;
		};
		ED18E9672C78D61900724146 /* Release */ = {
			isa = XCBuildConfiguration;
			buildSettings = {
				ASSETCATALOG_COMPILER_APPICON_NAME = AppIcon;
				ASSETCATALOG_COMPILER_GLOBAL_ACCENT_COLOR_NAME = AccentColor;
				CODE_SIGN_STYLE = Automatic;
				CURRENT_PROJECT_VERSION = 1;
				DEVELOPMENT_ASSET_PATHS = "\"HowToCook/Preview Content\"";
				DEVELOPMENT_TEAM = 3LZQ8YW66Z;
				ENABLE_PREVIEWS = YES;
				GENERATE_INFOPLIST_FILE = YES;
				INFOPLIST_KEY_UIApplicationSceneManifest_Generation = YES;
				INFOPLIST_KEY_UIApplicationSupportsIndirectInputEvents = YES;
				INFOPLIST_KEY_UILaunchScreen_Generation = YES;
				INFOPLIST_KEY_UISupportedInterfaceOrientations_iPad = "UIInterfaceOrientationPortrait UIInterfaceOrientationPortraitUpsideDown UIInterfaceOrientationLandscapeLeft UIInterfaceOrientationLandscapeRight";
				INFOPLIST_KEY_UISupportedInterfaceOrientations_iPhone = "UIInterfaceOrientationPortrait UIInterfaceOrientationLandscapeLeft UIInterfaceOrientationLandscapeRight";
				LD_RUNPATH_SEARCH_PATHS = (
					"$(inherited)",
					"@executable_path/Frameworks",
				);
				MARKETING_VERSION = 1.0;
				PRODUCT_BUNDLE_IDENTIFIER = unbreathe.HowToCook;
				PRODUCT_NAME = "$(TARGET_NAME)";
				SWIFT_EMIT_LOC_STRINGS = YES;
				SWIFT_VERSION = 5.0;
				TARGETED_DEVICE_FAMILY = "1,2";
			};
			name = Release;
		};
		ED18E9692C78D61900724146 /* Debug */ = {
			isa = XCBuildConfiguration;
			buildSettings = {
				ALWAYS_EMBED_SWIFT_STANDARD_LIBRARIES = YES;
				BUNDLE_LOADER = "$(TEST_HOST)";
				CODE_SIGN_STYLE = Automatic;
				CURRENT_PROJECT_VERSION = 1;
				DEVELOPMENT_TEAM = 3LZQ8YW66Z;
				GENERATE_INFOPLIST_FILE = YES;
				IPHONEOS_DEPLOYMENT_TARGET = 17.5;
				MARKETING_VERSION = 1.0;
				PRODUCT_BUNDLE_IDENTIFIER = unbreathe.HowToCookTests;
				PRODUCT_NAME = "$(TARGET_NAME)";
				SWIFT_EMIT_LOC_STRINGS = NO;
				SWIFT_VERSION = 5.0;
				TARGETED_DEVICE_FAMILY = "1,2";
				TEST_HOST = "$(BUILT_PRODUCTS_DIR)/HowToCook.app/$(BUNDLE_EXECUTABLE_FOLDER_PATH)/HowToCook";
			};
			name = Debug;
		};
		ED18E96A2C78D61900724146 /* Release */ = {
			isa = XCBuildConfiguration;
			buildSettings = {
				ALWAYS_EMBED_SWIFT_STANDARD_LIBRARIES = YES;
				BUNDLE_LOADER = "$(TEST_HOST)";
				CODE_SIGN_STYLE = Automatic;
				CURRENT_PROJECT_VERSION = 1;
				DEVELOPMENT_TEAM = 3LZQ8YW66Z;
				GENERATE_INFOPLIST_FILE = YES;
				IPHONEOS_DEPLOYMENT_TARGET = 17.5;
				MARKETING_VERSION = 1.0;
				PRODUCT_BUNDLE_IDENTIFIER = unbreathe.HowToCookTests;
				PRODUCT_NAME = "$(TARGET_NAME)";
				SWIFT_EMIT_LOC_STRINGS = NO;
				SWIFT_VERSION = 5.0;
				TARGETED_DEVICE_FAMILY = "1,2";
				TEST_HOST = "$(BUILT_PRODUCTS_DIR)/HowToCook.app/$(BUNDLE_EXECUTABLE_FOLDER_PATH)/HowToCook";
			};
			name = Release;
		};
		ED18E96C2C78D61900724146 /* Debug */ = {
			isa = XCBuildConfiguration;
			buildSettings = {
				ALWAYS_EMBED_SWIFT_STANDARD_LIBRARIES = YES;
				CODE_SIGN_STYLE = Automatic;
				CURRENT_PROJECT_VERSION = 1;
				DEVELOPMENT_TEAM = 3LZQ8YW66Z;
				GENERATE_INFOPLIST_FILE = YES;
				MARKETING_VERSION = 1.0;
				PRODUCT_BUNDLE_IDENTIFIER = unbreathe.HowToCookUITests;
				PRODUCT_NAME = "$(TARGET_NAME)";
				SWIFT_EMIT_LOC_STRINGS = NO;
				SWIFT_VERSION = 5.0;
				TARGETED_DEVICE_FAMILY = "1,2";
				TEST_TARGET_NAME = HowToCook;
			};
			name = Debug;
		};
		ED18E96D2C78D61900724146 /* Release */ = {
			isa = XCBuildConfiguration;
			buildSettings = {
				ALWAYS_EMBED_SWIFT_STANDARD_LIBRARIES = YES;
				CODE_SIGN_STYLE = Automatic;
				CURRENT_PROJECT_VERSION = 1;
				DEVELOPMENT_TEAM = 3LZQ8YW66Z;
				GENERATE_INFOPLIST_FILE = YES;
				MARKETING_VERSION = 1.0;
				PRODUCT_BUNDLE_IDENTIFIER = unbreathe.HowToCookUITests;
				PRODUCT_NAME = "$(TARGET_NAME)";
				SWIFT_EMIT_LOC_STRINGS = NO;
				SWIFT_VERSION = 5.0;
				TARGETED_DEVICE_FAMILY = "1,2";
				TEST_TARGET_NAME = HowToCook;
			};
			name = Release;
		};
/* End XCBuildConfiguration section */

/* Begin XCConfigurationList section */
		ED18E93C2C78D61800724146 /* Build configuration list for PBXProject "HowToCook" */ = {
			isa = XCConfigurationList;
			buildConfigurations = (
				ED18E9632C78D61900724146 /* Debug */,
				ED18E9642C78D61900724146 /* Release */,
			);
			defaultConfigurationIsVisible = 0;
			defaultConfigurationName = Release;
		};
		ED18E9652C78D61900724146 /* Build configuration list for PBXNativeTarget "HowToCook" */ = {
			isa = XCConfigurationList;
			buildConfigurations = (
				ED18E9662C78D61900724146 /* Debug */,
				ED18E9672C78D61900724146 /* Release */,
			);
			defaultConfigurationIsVisible = 0;
			defaultConfigurationName = Release;
		};
		ED18E9682C78D61900724146 /* Build configuration list for PBXNativeTarget "HowToCookTests" */ = {
			isa = XCConfigurationList;
			buildConfigurations = (
				ED18E9692C78D61900724146 /* Debug */,
				ED18E96A2C78D61900724146 /* Release */,
			);
			defaultConfigurationIsVisible = 0;
			defaultConfigurationName = Release;
		};
		ED18E96B2C78D61900724146 /* Build configuration list for PBXNativeTarget "HowToCookUITests" */ = {
			isa = XCConfigurationList;
			buildConfigurations = (
				ED18E96C2C78D61900724146 /* Debug */,
				ED18E96D2C78D61900724146 /* Release */,
			);
			defaultConfigurationIsVisible = 0;
			defaultConfigurationName = Release;
		};
/* End XCConfigurationList section */
	};
	rootObject = ED18E9392C78D61800724146 /* Project object */;
}
